
Microsoft Visual Studio Solution File, Format Version 12.00
# Visual Studio Version 17
VisualStudioVersion = 17.10.35027.167
MinimumVisualStudioVersion = 10.0.40219.1
Project("{FAE04EC0-301F-11D3-BF4B-00C04F79EFBC}") = "GYM_MANAGEMENT", "GYM_MANAGEMENT.csproj", "{4F6244BF-2FBA-49DA-BF25-1E37B026F4CF}"
EndProject
Global
	GlobalSection(SolutionConfigurationPlatforms) = preSolution
		Debug|Any CPU = Debug|Any CPU
		Release|Any CPU = Release|Any CPU
	EndGlobalSection
	GlobalSection(ProjectConfigurationPlatforms) = postSolution
		{4F6244BF-2FBA-49DA-BF25-1E37B026F4CF}.Debug|Any CPU.ActiveCfg = Debug|Any CPU
		{4F6244BF-2FBA-49DA-BF25-1E37B026F4CF}.Debug|Any CPU.Build.0 = Debug|Any CPU
		{4F6244BF-2FBA-49DA-BF25-1E37B026F4CF}.Release|Any CPU.ActiveCfg = Release|Any CPU
		{4F6244BF-2FBA-49DA-BF25-1E37B026F4CF}.Release|Any CPU.Build.0 = Release|Any CPU
	EndGlobalSection
	GlobalSection(SolutionProperties) = preSolution
		HideSolutionNode = FALSE
	EndGlobalSection
	GlobalSection(ExtensibilityGlobals) = postSolution
		SolutionGuid = {7D30B9FF-8FC0-4FF6-AFD2-88532EB1E6F8}
	EndGlobalSection
EndGlobal
